Microsoft Visual Studio Solution File, Format Version 12.00
# Visual Studio Version 17
VisualStudioVersion = 17.8.34330.188
MinimumVisualStudioVersion = 10.0.40219.1
Project("{2150E333-8FDC-42A3-9474-1A3956D46DE8}") = "Solution Items", "Solution Items", "{EC54316A-A3B9-4EF5-A74C-1EC2344D0EA4}"
	ProjectSection(SolutionItems) = preProject
		changelog.txt = changelog.txt
		shared\common-project.include = shared\common-project.include
		doc\api\introduction.html = doc\api\introduction.html
		shared\Logging.build = shared\Logging.build
		Logging.build = Logging.build
		shared\Logging.include = shared\Logging.include
		Logging.ndoc = Logging.ndoc
	EndProjectSection
EndProject
Project("{9A19103F-16F7-4668-BE54-9A1E7A4F7556}") = "Common.Logging.2008", "modules\Common.Logging\src\Common\Common.Logging\Common.Logging.2008.csproj", "{440D903A-D409-48FC-A6C4-3EE69CCD663B}"
EndProject
Project("{9A19103F-16F7-4668-BE54-9A1E7A4F7556}") = "Common.Logging.Log4Net.2008", "modules\Common.Logging.Log4Net\src\Common\Common.Logging.Log4Net\Common.Logging.Log4Net.2008.csproj", "{0FEA262C-4EAF-49DB-8D32-8E90DDEF23B6}"
EndProject
Global
	GlobalSection(SolutionConfigurationPlatforms) = preSolution
		Debug|Any CPU = Debug|Any CPU
		Release|Any CPU = Release|Any CPU
	EndGlobalSection
	GlobalSection(ProjectConfigurationPlatforms) = postSolution
		{440D903A-D409-48FC-A6C4-3EE69CCD663B}.Debug|Any CPU.ActiveCfg = Debug|Any CPU
		{440D903A-D409-48FC-A6C4-3EE69CCD663B}.Debug|Any CPU.Build.0 = Debug|Any CPU
		{440D903A-D409-48FC-A6C4-3EE69CCD663B}.Release|Any CPU.ActiveCfg = Release|Any CPU
		{440D903A-D409-48FC-A6C4-3EE69CCD663B}.Release|Any CPU.Build.0 = Release|Any CPU
		{0FEA262C-4EAF-49DB-8D32-8E90DDEF23B6}.Debug|Any CPU.ActiveCfg = Debug|Any CPU
		{0FEA262C-4EAF-49DB-8D32-8E90DDEF23B6}.Debug|Any CPU.Build.0 = Debug|Any CPU
		{0FEA262C-4EAF-49DB-8D32-8E90DDEF23B6}.Release|Any CPU.ActiveCfg = Release|Any CPU
		{0FEA262C-4EAF-49DB-8D32-8E90DDEF23B6}.Release|Any CPU.Build.0 = Release|Any CPU
	EndGlobalSection
	GlobalSection(SolutionProperties) = preSolution
		HideSolutionNode = FALSE
	EndGlobalSection
	GlobalSection(ExtensibilityGlobals) = postSolution
		SolutionGuid = {7CE1D888-4A83-40D7-8E10-C22816D64019}
		NAntAddinLastFileName = Common.Logging.build
	EndGlobalSection
	GlobalSection(SubversionScc) = preSolution
		Svn-Managed = True
		Manager = AnkhSVN - Subversion Support for Visual Studio
	EndGlobalSection
EndGlobal
