Microsoft Visual Studio Solution File, Format Version 12.00
# Visual Studio Version 17
VisualStudioVersion = 17.8.34330.188
MinimumVisualStudioVersion = 10.0.40219.1
Project("{2150E333-8FDC-42A3-9474-1A3956D46DE8}") = "Solution Items", "Solution Items", "{4D3BB3D4-A8C6-4145-88F3-355FF74233CA}"
	ProjectSection(SolutionItems) = preProject
		READ-ME.txt = READ-ME.txt
		SharedAssemblyInfo.cs = SharedAssemblyInfo.cs
	EndProjectSection
EndProject
Project("{2150E333-8FDC-42A3-9474-1A3956D46DE8}") = "Config", "Config", "{482B5795-E159-4968-9BB4-85E8CAC6E0C2}"
	ProjectSection(SolutionItems) = preProject
		Config\NuvoControlKonfiguration.xml = Config\NuvoControlKonfiguration.xml
		Config\NuvoControlKonfigurationInvalidSourceIdInAlarmFunction.xml = Config\NuvoControlKonfigurationInvalidSourceIdInAlarmFunction.xml
		Config\NuvoControlKonfigurationInvalidSourceIdInGraphic.xml = Config\NuvoControlKonfigurationInvalidSourceIdInGraphic.xml
		Config\NuvoControlKonfigurationInvalidZoneIdInGraphic.xml = Config\NuvoControlKonfigurationInvalidZoneIdInGraphic.xml
		Config\NuvoControlKonfigurationInvalidZoneIdInSleepFunction.xml = Config\NuvoControlKonfigurationInvalidZoneIdInSleepFunction.xml
		Config\NuvoControlKonfigurationNotDistinctSources.xml = Config\NuvoControlKonfigurationNotDistinctSources.xml
		Config\NuvoControlKonfigurationNotDistinctZones.xml = Config\NuvoControlKonfigurationNotDistinctZones.xml
		Config\NuvoControlKonfigurationNotWellFormed.xml = Config\NuvoControlKonfigurationNotWellFormed.xml
		Config\NuvoControlKonfigurationUnitTest.xml = Config\NuvoControlKonfigurationUnitTest.xml
		Config\NuvoControlKonfigurationUnitTest2.xml = Config\NuvoControlKonfigurationUnitTest2.xml
	EndProjectSection
EndProject
Project("{2150E333-8FDC-42A3-9474-1A3956D46DE8}") = "Client", "Client", "{01BFE656-F730-4DD7-A073-1758BAB21E63}"
EndProject
Project("{2150E333-8FDC-42A3-9474-1A3956D46DE8}") = "Common", "Common", "{C4D004E8-15CA-4E89-B0CE-88F9290FE23E}"
EndProject
Project("{2150E333-8FDC-42A3-9474-1A3956D46DE8}") = "Test", "Test", "{CBD6573E-F187-4603-AF71-2D277BAA4042}"
EndProject
Project("{2150E333-8FDC-42A3-9474-1A3956D46DE8}") = "Server", "Server", "{9D46B0CC-8007-469D-BE8A-7C14EE109FA6}"
EndProject
Project("{2150E333-8FDC-42A3-9474-1A3956D46DE8}") = "ProtocolDriver", "ProtocolDriver", "{2070EE5E-856D-4DA6-A1A5-B47D136C758E}"
EndProject
Project("{2150E333-8FDC-42A3-9474-1A3956D46DE8}") = "Simulator", "Simulator", "{2FFFAF91-470F-4EEB-91E0-1FBA94B1A46D}"
EndProject
Project("{9A19103F-16F7-4668-BE54-9A1E7A4F7556}") = "NuvoControl.Common", "Common\NuvoControl.Common\NuvoControl.Common.csproj", "{2C8F1A31-ADF8-4BF1-BCA7-032007ED6C61}"
EndProject
Project("{9A19103F-16F7-4668-BE54-9A1E7A4F7556}") = "NuvoControl.Server.CommunicationDriver", "Server\NuvoControl.Server.CommunicationDriver\NuvoControl.Server.CommunicationDriver.csproj", "{295804DA-0A18-4B2D-A9EE-4B1813A408BC}"
EndProject
Project("{9A19103F-16F7-4668-BE54-9A1E7A4F7556}") = "NuvoControl.Server.ProtocolDriver", "Server\NuvoControl.Server.ProtocolDriver\NuvoControl.Server.ProtocolDriver.csproj", "{C5C321D7-92B9-4A5B-A278-F89FF09664B2}"
EndProject
Project("{9A19103F-16F7-4668-BE54-9A1E7A4F7556}") = "NuvoControl.Test.COMListener", "Test\NuvoControl.Test.COMListener\NuvoControl.Test.COMListener.csproj", "{65167131-3AD1-4032-8777-5F5F6D3DAE72}"
EndProject
Project("{9A19103F-16F7-4668-BE54-9A1E7A4F7556}") = "NuvoControl.Test.RS232", "Test\NuvoControl.Test.RS232\NuvoControl.Test.RS232.csproj", "{1BAAB9D4-EBFE-4648-870C-BE17FE90EB9F}"
EndProject
Project("{9A19103F-16F7-4668-BE54-9A1E7A4F7556}") = "NuvoControl.Server.ProtocolDriver.Interface", "Server\NuvoControl.Server.ProtocolDriver.Interface\NuvoControl.Server.ProtocolDriver.Interface.csproj", "{817F6C4B-65C6-4A90-966E-F76FD8AC4202}"
EndProject
Project("{9A19103F-16F7-4668-BE54-9A1E7A4F7556}") = "NuvoControl.Server.Dal", "Server\NuvoControl.Server.Dal\NuvoControl.Server.Dal.csproj", "{295025FA-7870-4A53-996F-2CDCE2AFBAFF}"
EndProject
Project("{9A19103F-16F7-4668-BE54-9A1E7A4F7556}") = "NuvoControl.Test.NuvoClient", "Test\NuvoControl.Test.NuvoClient\NuvoControl.Test.NuvoClient.csproj", "{44C817E7-C9E5-4B07-9369-95BE0D0CE82B}"
EndProject
Project("{9A19103F-16F7-4668-BE54-9A1E7A4F7556}") = "NuvoControl.Server.Simulator", "Server\NuvoControl.Server.Simulator\NuvoControl.Server.Simulator.csproj", "{E28FAAE1-87BE-4C98-AD54-E867E6D88DD0}"
EndProject
Project("{9A19103F-16F7-4668-BE54-9A1E7A4F7556}") = "NuvoControl.Server.ZoneServer", "Server\NuvoControl.Server.ZoneServer\NuvoControl.Server.ZoneServer.csproj", "{A4C12624-2950-45AC-9A17-B83AD9427331}"
EndProject
Project("{9A19103F-16F7-4668-BE54-9A1E7A4F7556}") = "NuvoControl.Server.FunctionService", "Server\NuvoControl.Server.FunctionService\NuvoControl.Server.FunctionService.csproj", "{1F25736C-42C9-4AEC-A514-9F4CEF0923EE}"
EndProject
Project("{9A19103F-16F7-4668-BE54-9A1E7A4F7556}") = "NuvoControl.Server.FunctionServer", "Server\NuvoControl.Server.FunctionServer\NuvoControl.Server.FunctionServer.csproj", "{2350F54C-FB02-4FA6-93AE-A2FF68A27EB8}"
EndProject
Project("{2150E333-8FDC-42A3-9474-1A3956D46DE8}") = "Bespoken", "Bespoken", "{F4F9242F-D99E-4CFD-ACD0-346B347855C8}"
EndProject
Project("{9A19103F-16F7-4668-BE54-9A1E7A4F7556}") = "Bespoke.Common", "Bespoken\Bespoke.Common\Bespoke.Common.csproj", "{F8A1578F-BEBE-4BBE-AB11-A0496BDB746A}"
EndProject
Project("{9A19103F-16F7-4668-BE54-9A1E7A4F7556}") = "Bespoke.Common.Osc", "Bespoken\Bespoke.Common.Osc\Bespoke.Common.Osc.csproj", "{35D30DCB-74D1-40A2-9D22-40E1394FFC09}"
EndProject
Project("{9A19103F-16F7-4668-BE54-9A1E7A4F7556}") = "Receiver", "Bespoken\Receiver\Receiver.csproj", "{0BF0D909-8AF2-4669-8CFA-06376BBD99ED}"
EndProject
Project("{9A19103F-16F7-4668-BE54-9A1E7A4F7556}") = "Transmitter", "Bespoken\Transmitter\Transmitter.csproj", "{4F887C29-862B-428A-A021-5878079DC73E}"
EndProject
Project("{9A19103F-16F7-4668-BE54-9A1E7A4F7556}") = "NuvoControl.Server.OscServer", "NuvoControl.Server.OscServer\NuvoControl.Server.OscServer.csproj", "{9A1BF150-83FF-4DF7-998F-187A6B71E47A}"
EndProject
Project("{2150E333-8FDC-42A3-9474-1A3956D46DE8}") = "TouchOSC Template", "TouchOSC Template", "{F3FACBFA-5121-4200-9B65-5A050D5E3CEB}"
	ProjectSection(SolutionItems) = preProject
		NuvoControl.1.touchosc = NuvoControl.1.touchosc
	EndProjectSection
EndProject
Project("{9A19103F-16F7-4668-BE54-9A1E7A4F7556}") = "NuvoControl.Server.WebConsole", "Server\NuvoControl.Server.WebConsole\NuvoControl.Server.WebConsole.csproj", "{2111640D-606A-4559-AC0C-3B980D4B6266}"
EndProject
Project("{9A19103F-16F7-4668-BE54-9A1E7A4F7556}") = "NuvoControl.Server.HostConsole", "Server\NuvoControl.Server.HostConsole\NuvoControl.Server.HostConsole.csproj", "{6206FD81-7B1D-4F71-9BB1-603B0CCA2B9D}"
EndProject
Project("{9A19103F-16F7-4668-BE54-9A1E7A4F7556}") = "NuvoControl.Client.ConsoleClient", "Client\NuvoControl.Client.ConsoleClient\NuvoControl.Client.ConsoleClient.csproj", "{3439DE90-DEB9-435C-B10F-613193238C27}"
EndProject
Project("{9A19103F-16F7-4668-BE54-9A1E7A4F7556}") = "NuvoControl.Test.ConsoleClient", "Test\NuvoControl.Test.ConsoleClient\NuvoControl.Test.ConsoleClient.csproj", "{1B7FB68E-8D28-418F-909A-2C020829143D}"
EndProject
Project("{9A19103F-16F7-4668-BE54-9A1E7A4F7556}") = "NuvoControl.Server.ConfigurationService", "Server\NuvoControl.Server.ConfigurationService\NuvoControl.Server.ConfigurationService.csproj", "{25450D86-B93F-4DFC-A315-E53CA6206BEF}"
EndProject
Global
	GlobalSection(SolutionConfigurationPlatforms) = preSolution
		Debug|Any CPU = Debug|Any CPU
		Release|Any CPU = Release|Any CPU
	EndGlobalSection
	GlobalSection(ProjectConfigurationPlatforms) = postSolution
		{2C8F1A31-ADF8-4BF1-BCA7-032007ED6C61}.Debug|Any CPU.ActiveCfg = Debug|Any CPU
		{2C8F1A31-ADF8-4BF1-BCA7-032007ED6C61}.Debug|Any CPU.Build.0 = Debug|Any CPU
		{2C8F1A31-ADF8-4BF1-BCA7-032007ED6C61}.Release|Any CPU.ActiveCfg = Release|Any CPU
		{2C8F1A31-ADF8-4BF1-BCA7-032007ED6C61}.Release|Any CPU.Build.0 = Release|Any CPU
		{295804DA-0A18-4B2D-A9EE-4B1813A408BC}.Debug|Any CPU.ActiveCfg = Debug|Any CPU
		{295804DA-0A18-4B2D-A9EE-4B1813A408BC}.Debug|Any CPU.Build.0 = Debug|Any CPU
		{295804DA-0A18-4B2D-A9EE-4B1813A408BC}.Release|Any CPU.ActiveCfg = Release|Any CPU
		{295804DA-0A18-4B2D-A9EE-4B1813A408BC}.Release|Any CPU.Build.0 = Release|Any CPU
		{C5C321D7-92B9-4A5B-A278-F89FF09664B2}.Debug|Any CPU.ActiveCfg = Debug|Any CPU
		{C5C321D7-92B9-4A5B-A278-F89FF09664B2}.Debug|Any CPU.Build.0 = Debug|Any CPU
		{C5C321D7-92B9-4A5B-A278-F89FF09664B2}.Release|Any CPU.ActiveCfg = Release|Any CPU
		{C5C321D7-92B9-4A5B-A278-F89FF09664B2}.Release|Any CPU.Build.0 = Release|Any CPU
		{65167131-3AD1-4032-8777-5F5F6D3DAE72}.Debug|Any CPU.ActiveCfg = Debug|Any CPU
		{65167131-3AD1-4032-8777-5F5F6D3DAE72}.Debug|Any CPU.Build.0 = Debug|Any CPU
		{65167131-3AD1-4032-8777-5F5F6D3DAE72}.Release|Any CPU.ActiveCfg = Release|Any CPU
		{65167131-3AD1-4032-8777-5F5F6D3DAE72}.Release|Any CPU.Build.0 = Release|Any CPU
		{1BAAB9D4-EBFE-4648-870C-BE17FE90EB9F}.Debug|Any CPU.ActiveCfg = Debug|Any CPU
		{1BAAB9D4-EBFE-4648-870C-BE17FE90EB9F}.Debug|Any CPU.Build.0 = Debug|Any CPU
		{1BAAB9D4-EBFE-4648-870C-BE17FE90EB9F}.Release|Any CPU.ActiveCfg = Release|Any CPU
		{1BAAB9D4-EBFE-4648-870C-BE17FE90EB9F}.Release|Any CPU.Build.0 = Release|Any CPU
		{817F6C4B-65C6-4A90-966E-F76FD8AC4202}.Debug|Any CPU.ActiveCfg = Debug|Any CPU
		{817F6C4B-65C6-4A90-966E-F76FD8AC4202}.Debug|Any CPU.Build.0 = Debug|Any CPU
		{817F6C4B-65C6-4A90-966E-F76FD8AC4202}.Release|Any CPU.ActiveCfg = Release|Any CPU
		{817F6C4B-65C6-4A90-966E-F76FD8AC4202}.Release|Any CPU.Build.0 = Release|Any CPU
		{295025FA-7870-4A53-996F-2CDCE2AFBAFF}.Debug|Any CPU.ActiveCfg = Debug|Any CPU
		{295025FA-7870-4A53-996F-2CDCE2AFBAFF}.Debug|Any CPU.Build.0 = Debug|Any CPU
		{295025FA-7870-4A53-996F-2CDCE2AFBAFF}.Release|Any CPU.ActiveCfg = Release|Any CPU
		{295025FA-7870-4A53-996F-2CDCE2AFBAFF}.Release|Any CPU.Build.0 = Release|Any CPU
		{44C817E7-C9E5-4B07-9369-95BE0D0CE82B}.Debug|Any CPU.ActiveCfg = Debug|Any CPU
		{44C817E7-C9E5-4B07-9369-95BE0D0CE82B}.Debug|Any CPU.Build.0 = Debug|Any CPU
		{44C817E7-C9E5-4B07-9369-95BE0D0CE82B}.Release|Any CPU.ActiveCfg = Release|Any CPU
		{44C817E7-C9E5-4B07-9369-95BE0D0CE82B}.Release|Any CPU.Build.0 = Release|Any CPU
		{E28FAAE1-87BE-4C98-AD54-E867E6D88DD0}.Debug|Any CPU.ActiveCfg = Debug|Any CPU
		{E28FAAE1-87BE-4C98-AD54-E867E6D88DD0}.Debug|Any CPU.Build.0 = Debug|Any CPU
		{E28FAAE1-87BE-4C98-AD54-E867E6D88DD0}.Release|Any CPU.ActiveCfg = Release|Any CPU
		{E28FAAE1-87BE-4C98-AD54-E867E6D88DD0}.Release|Any CPU.Build.0 = Release|Any CPU
		{A4C12624-2950-45AC-9A17-B83AD9427331}.Debug|Any CPU.ActiveCfg = Debug|Any CPU
		{A4C12624-2950-45AC-9A17-B83AD9427331}.Debug|Any CPU.Build.0 = Debug|Any CPU
		{A4C12624-2950-45AC-9A17-B83AD9427331}.Release|Any CPU.ActiveCfg = Release|Any CPU
		{A4C12624-2950-45AC-9A17-B83AD9427331}.Release|Any CPU.Build.0 = Release|Any CPU
		{1F25736C-42C9-4AEC-A514-9F4CEF0923EE}.Debug|Any CPU.ActiveCfg = Debug|Any CPU
		{1F25736C-42C9-4AEC-A514-9F4CEF0923EE}.Debug|Any CPU.Build.0 = Debug|Any CPU
		{1F25736C-42C9-4AEC-A514-9F4CEF0923EE}.Release|Any CPU.ActiveCfg = Release|Any CPU
		{1F25736C-42C9-4AEC-A514-9F4CEF0923EE}.Release|Any CPU.Build.0 = Release|Any CPU
		{2350F54C-FB02-4FA6-93AE-A2FF68A27EB8}.Debug|Any CPU.ActiveCfg = Debug|Any CPU
		{2350F54C-FB02-4FA6-93AE-A2FF68A27EB8}.Debug|Any CPU.Build.0 = Debug|Any CPU
		{2350F54C-FB02-4FA6-93AE-A2FF68A27EB8}.Release|Any CPU.ActiveCfg = Release|Any CPU
		{2350F54C-FB02-4FA6-93AE-A2FF68A27EB8}.Release|Any CPU.Build.0 = Release|Any CPU
		{F8A1578F-BEBE-4BBE-AB11-A0496BDB746A}.Debug|Any CPU.ActiveCfg = Debug|Any CPU
		{F8A1578F-BEBE-4BBE-AB11-A0496BDB746A}.Debug|Any CPU.Build.0 = Debug|Any CPU
		{F8A1578F-BEBE-4BBE-AB11-A0496BDB746A}.Release|Any CPU.ActiveCfg = Release|Any CPU
		{F8A1578F-BEBE-4BBE-AB11-A0496BDB746A}.Release|Any CPU.Build.0 = Release|Any CPU
		{35D30DCB-74D1-40A2-9D22-40E1394FFC09}.Debug|Any CPU.ActiveCfg = Debug|Any CPU
		{35D30DCB-74D1-40A2-9D22-40E1394FFC09}.Debug|Any CPU.Build.0 = Debug|Any CPU
		{35D30DCB-74D1-40A2-9D22-40E1394FFC09}.Release|Any CPU.ActiveCfg = Release|Any CPU
		{35D30DCB-74D1-40A2-9D22-40E1394FFC09}.Release|Any CPU.Build.0 = Release|Any CPU
		{0BF0D909-8AF2-4669-8CFA-06376BBD99ED}.Debug|Any CPU.ActiveCfg = Debug|Any CPU
		{0BF0D909-8AF2-4669-8CFA-06376BBD99ED}.Debug|Any CPU.Build.0 = Debug|Any CPU
		{0BF0D909-8AF2-4669-8CFA-06376BBD99ED}.Release|Any CPU.ActiveCfg = Release|Any CPU
		{0BF0D909-8AF2-4669-8CFA-06376BBD99ED}.Release|Any CPU.Build.0 = Release|Any CPU
		{4F887C29-862B-428A-A021-5878079DC73E}.Debug|Any CPU.ActiveCfg = Debug|Any CPU
		{4F887C29-862B-428A-A021-5878079DC73E}.Debug|Any CPU.Build.0 = Debug|Any CPU
		{4F887C29-862B-428A-A021-5878079DC73E}.Release|Any CPU.ActiveCfg = Release|Any CPU
		{4F887C29-862B-428A-A021-5878079DC73E}.Release|Any CPU.Build.0 = Release|Any CPU
		{9A1BF150-83FF-4DF7-998F-187A6B71E47A}.Debug|Any CPU.ActiveCfg = Debug|Any CPU
		{9A1BF150-83FF-4DF7-998F-187A6B71E47A}.Debug|Any CPU.Build.0 = Debug|Any CPU
		{9A1BF150-83FF-4DF7-998F-187A6B71E47A}.Release|Any CPU.ActiveCfg = Release|Any CPU
		{9A1BF150-83FF-4DF7-998F-187A6B71E47A}.Release|Any CPU.Build.0 = Release|Any CPU
		{2111640D-606A-4559-AC0C-3B980D4B6266}.Debug|Any CPU.ActiveCfg = Debug|Any CPU
		{2111640D-606A-4559-AC0C-3B980D4B6266}.Debug|Any CPU.Build.0 = Debug|Any CPU
		{2111640D-606A-4559-AC0C-3B980D4B6266}.Release|Any CPU.ActiveCfg = Release|Any CPU
		{2111640D-606A-4559-AC0C-3B980D4B6266}.Release|Any CPU.Build.0 = Release|Any CPU
		{6206FD81-7B1D-4F71-9BB1-603B0CCA2B9D}.Debug|Any CPU.ActiveCfg = Debug|Any CPU
		{6206FD81-7B1D-4F71-9BB1-603B0CCA2B9D}.Debug|Any CPU.Build.0 = Debug|Any CPU
		{6206FD81-7B1D-4F71-9BB1-603B0CCA2B9D}.Release|Any CPU.ActiveCfg = Release|Any CPU
		{6206FD81-7B1D-4F71-9BB1-603B0CCA2B9D}.Release|Any CPU.Build.0 = Release|Any CPU
		{3439DE90-DEB9-435C-B10F-613193238C27}.Debug|Any CPU.ActiveCfg = Debug|Any CPU
		{3439DE90-DEB9-435C-B10F-613193238C27}.Debug|Any CPU.Build.0 = Debug|Any CPU
		{3439DE90-DEB9-435C-B10F-613193238C27}.Release|Any CPU.ActiveCfg = Release|Any CPU
		{3439DE90-DEB9-435C-B10F-613193238C27}.Release|Any CPU.Build.0 = Release|Any CPU
		{1B7FB68E-8D28-418F-909A-2C020829143D}.Debug|Any CPU.ActiveCfg = Debug|Any CPU
		{1B7FB68E-8D28-418F-909A-2C020829143D}.Debug|Any CPU.Build.0 = Debug|Any CPU
		{1B7FB68E-8D28-418F-909A-2C020829143D}.Release|Any CPU.ActiveCfg = Release|Any CPU
		{1B7FB68E-8D28-418F-909A-2C020829143D}.Release|Any CPU.Build.0 = Release|Any CPU
		{25450D86-B93F-4DFC-A315-E53CA6206BEF}.Debug|Any CPU.ActiveCfg = Debug|Any CPU
		{25450D86-B93F-4DFC-A315-E53CA6206BEF}.Debug|Any CPU.Build.0 = Debug|Any CPU
		{25450D86-B93F-4DFC-A315-E53CA6206BEF}.Release|Any CPU.ActiveCfg = Release|Any CPU
		{25450D86-B93F-4DFC-A315-E53CA6206BEF}.Release|Any CPU.Build.0 = Release|Any CPU
	EndGlobalSection
	GlobalSection(SolutionProperties) = preSolution
		HideSolutionNode = FALSE
	EndGlobalSection
	GlobalSection(NestedProjects) = preSolution
		{482B5795-E159-4968-9BB4-85E8CAC6E0C2} = {4D3BB3D4-A8C6-4145-88F3-355FF74233CA}
		{2070EE5E-856D-4DA6-A1A5-B47D136C758E} = {9D46B0CC-8007-469D-BE8A-7C14EE109FA6}
		{2FFFAF91-470F-4EEB-91E0-1FBA94B1A46D} = {9D46B0CC-8007-469D-BE8A-7C14EE109FA6}
		{2C8F1A31-ADF8-4BF1-BCA7-032007ED6C61} = {C4D004E8-15CA-4E89-B0CE-88F9290FE23E}
		{295804DA-0A18-4B2D-A9EE-4B1813A408BC} = {9D46B0CC-8007-469D-BE8A-7C14EE109FA6}
		{C5C321D7-92B9-4A5B-A278-F89FF09664B2} = {2070EE5E-856D-4DA6-A1A5-B47D136C758E}
		{65167131-3AD1-4032-8777-5F5F6D3DAE72} = {CBD6573E-F187-4603-AF71-2D277BAA4042}
		{1BAAB9D4-EBFE-4648-870C-BE17FE90EB9F} = {CBD6573E-F187-4603-AF71-2D277BAA4042}
		{817F6C4B-65C6-4A90-966E-F76FD8AC4202} = {2070EE5E-856D-4DA6-A1A5-B47D136C758E}
		{295025FA-7870-4A53-996F-2CDCE2AFBAFF} = {9D46B0CC-8007-469D-BE8A-7C14EE109FA6}
		{44C817E7-C9E5-4B07-9369-95BE0D0CE82B} = {CBD6573E-F187-4603-AF71-2D277BAA4042}
		{E28FAAE1-87BE-4C98-AD54-E867E6D88DD0} = {2FFFAF91-470F-4EEB-91E0-1FBA94B1A46D}
		{A4C12624-2950-45AC-9A17-B83AD9427331} = {9D46B0CC-8007-469D-BE8A-7C14EE109FA6}
		{1F25736C-42C9-4AEC-A514-9F4CEF0923EE} = {9D46B0CC-8007-469D-BE8A-7C14EE109FA6}
		{2350F54C-FB02-4FA6-93AE-A2FF68A27EB8} = {9D46B0CC-8007-469D-BE8A-7C14EE109FA6}
		{F8A1578F-BEBE-4BBE-AB11-A0496BDB746A} = {F4F9242F-D99E-4CFD-ACD0-346B347855C8}
		{35D30DCB-74D1-40A2-9D22-40E1394FFC09} = {F4F9242F-D99E-4CFD-ACD0-346B347855C8}
		{0BF0D909-8AF2-4669-8CFA-06376BBD99ED} = {F4F9242F-D99E-4CFD-ACD0-346B347855C8}
		{4F887C29-862B-428A-A021-5878079DC73E} = {F4F9242F-D99E-4CFD-ACD0-346B347855C8}
		{9A1BF150-83FF-4DF7-998F-187A6B71E47A} = {9D46B0CC-8007-469D-BE8A-7C14EE109FA6}
		{F3FACBFA-5121-4200-9B65-5A050D5E3CEB} = {4D3BB3D4-A8C6-4145-88F3-355FF74233CA}
		{2111640D-606A-4559-AC0C-3B980D4B6266} = {9D46B0CC-8007-469D-BE8A-7C14EE109FA6}
		{6206FD81-7B1D-4F71-9BB1-603B0CCA2B9D} = {9D46B0CC-8007-469D-BE8A-7C14EE109FA6}
		{3439DE90-DEB9-435C-B10F-613193238C27} = {01BFE656-F730-4DD7-A073-1758BAB21E63}
		{1B7FB68E-8D28-418F-909A-2C020829143D} = {CBD6573E-F187-4603-AF71-2D277BAA4042}
		{25450D86-B93F-4DFC-A315-E53CA6206BEF} = {9D46B0CC-8007-469D-BE8A-7C14EE109FA6}
	EndGlobalSection
	GlobalSection(ExtensibilityGlobals) = postSolution
		SolutionGuid = {6653D42A-2A96-4898-B57F-81A52ECFEFC8}
	EndGlobalSection
	GlobalSection(SubversionScc) = preSolution
		Svn-Managed = True
		Manager = AnkhSVN - Subversion Support for Visual Studio
	EndGlobalSection
	GlobalSection(TestCaseManagementSettings) = postSolution
		CategoryFile = NuvoControl9.vsmdi
	EndGlobalSection
EndGlobal
