
Microsoft Visual Studio Solution File, Format Version 12.00
# Visual Studio Version 16
VisualStudioVersion = 16.0.29613.14
MinimumVisualStudioVersion = 10.0.40219.1
Project("{FAE04EC0-301F-11D3-BF4B-00C04F79EFBC}") = "NuvoControl.Server.HostConsole", "NuvoControl.Server.HostConsole.csproj", "{21875D36-042E-44A8-B902-A6566CF280D1}"
EndProject
Project("{2150E333-8FDC-42A3-9474-1A3956D46DE8}") = "Server", "Server", "{02DF8096-B039-4B22-8EF2-560381075437}"
EndProject
Project("{2150E333-8FDC-42A3-9474-1A3956D46DE8}") = "Bespoken", "Bespoken", "{A8402B47-3088-4401-840A-D4A030E350B0}"
EndProject
Project("{FAE04EC0-301F-11D3-BF4B-00C04F79EFBC}") = "Bespoke.Common", "..\..\Bespoken\Bespoke.Common\Bespoke.Common.csproj", "{F8A1578F-BEBE-4BBE-AB11-A0496BDB746A}"
EndProject
Project("{FAE04EC0-301F-11D3-BF4B-00C04F79EFBC}") = "Bespoke.Common.Osc", "..\..\Bespoken\Bespoke.Common.Osc\Bespoke.Common.Osc.csproj", "{35D30DCB-74D1-40A2-9D22-40E1394FFC09}"
EndProject
Project("{FAE04EC0-301F-11D3-BF4B-00C04F79EFBC}") = "Receiver", "..\..\Bespoken\Receiver\Receiver.csproj", "{0BF0D909-8AF2-4669-8CFA-06376BBD99ED}"
EndProject
Project("{FAE04EC0-301F-11D3-BF4B-00C04F79EFBC}") = "Transmitter", "..\..\Bespoken\Transmitter\Transmitter.csproj", "{4F887C29-862B-428A-A021-5878079DC73E}"
EndProject
Project("{2150E333-8FDC-42A3-9474-1A3956D46DE8}") = "Common", "Common", "{D9029F1A-422A-47B3-9957-AB8FA3981A9E}"
EndProject
Project("{FAE04EC0-301F-11D3-BF4B-00C04F79EFBC}") = "NuvoControl.Common", "..\..\Common\NuvoControl.Common\NuvoControl.Common.csproj", "{2C8F1A31-ADF8-4BF1-BCA7-032007ED6C61}"
EndProject
Project("{FAE04EC0-301F-11D3-BF4B-00C04F79EFBC}") = "NuvoControl.Server.ConfigurationService", "..\NuvoControl.Server.ConfigurationService\NuvoControl.Server.ConfigurationService.csproj", "{D44A08E5-4C37-4DD6-BBEE-25D0D9F10FA1}"
EndProject
Project("{FAE04EC0-301F-11D3-BF4B-00C04F79EFBC}") = "NuvoControl.Server.FunctionServer", "..\NuvoControl.Server.FunctionServer\NuvoControl.Server.FunctionServer.csproj", "{2350F54C-FB02-4FA6-93AE-A2FF68A27EB8}"
EndProject
Project("{FAE04EC0-301F-11D3-BF4B-00C04F79EFBC}") = "NuvoControl.Server.ProtocolDriver", "..\NuvoControl.Server.ProtocolDriver\NuvoControl.Server.ProtocolDriver.csproj", "{C5C321D7-92B9-4A5B-A278-F89FF09664B2}"
EndProject
Project("{FAE04EC0-301F-11D3-BF4B-00C04F79EFBC}") = "NuvoControl.Server.ZoneServer", "..\NuvoControl.Server.ZoneServer\NuvoControl.Server.ZoneServer.csproj", "{A4C12624-2950-45AC-9A17-B83AD9427331}"
EndProject
Project("{FAE04EC0-301F-11D3-BF4B-00C04F79EFBC}") = "NuvoControl.Server.ProtocolDriver.Interface", "..\NuvoControl.Server.ProtocolDriver.Interface\NuvoControl.Server.ProtocolDriver.Interface.csproj", "{817F6C4B-65C6-4A90-966E-F76FD8AC4202}"
EndProject
Project("{FAE04EC0-301F-11D3-BF4B-00C04F79EFBC}") = "NuvoControl.Server.OscServer", "..\..\NuvoControl.Server.OscServer\NuvoControl.Server.OscServer.csproj", "{9A1BF150-83FF-4DF7-998F-187A6B71E47A}"
EndProject
Project("{FAE04EC0-301F-11D3-BF4B-00C04F79EFBC}") = "NuvoControl.Server.Dal", "..\NuvoControl.Server.Dal\NuvoControl.Server.Dal.csproj", "{295025FA-7870-4A53-996F-2CDCE2AFBAFF}"
EndProject
Global
	GlobalSection(SolutionConfigurationPlatforms) = preSolution
		Debug|Any CPU = Debug|Any CPU
		Debug|x64 = Debug|x64
		Debug|x86 = Debug|x86
		Release|Any CPU = Release|Any CPU
		Release|x64 = Release|x64
		Release|x86 = Release|x86
	EndGlobalSection
	GlobalSection(ProjectConfigurationPlatforms) = postSolution
		{21875D36-042E-44A8-B902-A6566CF280D1}.Debug|Any CPU.ActiveCfg = Debug|x86
		{21875D36-042E-44A8-B902-A6566CF280D1}.Debug|x64.ActiveCfg = Debug|x86
		{21875D36-042E-44A8-B902-A6566CF280D1}.Debug|x86.ActiveCfg = Debug|x86
		{21875D36-042E-44A8-B902-A6566CF280D1}.Debug|x86.Build.0 = Debug|x86
		{21875D36-042E-44A8-B902-A6566CF280D1}.Release|Any CPU.ActiveCfg = Release|x86
		{21875D36-042E-44A8-B902-A6566CF280D1}.Release|x64.ActiveCfg = Release|x86
		{21875D36-042E-44A8-B902-A6566CF280D1}.Release|x86.ActiveCfg = Release|x86
		{21875D36-042E-44A8-B902-A6566CF280D1}.Release|x86.Build.0 = Release|x86
		{F8A1578F-BEBE-4BBE-AB11-A0496BDB746A}.Debug|Any CPU.ActiveCfg = Debug|Any CPU
		{F8A1578F-BEBE-4BBE-AB11-A0496BDB746A}.Debug|Any CPU.Build.0 = Debug|Any CPU
		{F8A1578F-BEBE-4BBE-AB11-A0496BDB746A}.Debug|x64.ActiveCfg = Debug|x64
		{F8A1578F-BEBE-4BBE-AB11-A0496BDB746A}.Debug|x64.Build.0 = Debug|x64
		{F8A1578F-BEBE-4BBE-AB11-A0496BDB746A}.Debug|x86.ActiveCfg = Debug|x86
		{F8A1578F-BEBE-4BBE-AB11-A0496BDB746A}.Debug|x86.Build.0 = Debug|x86
		{F8A1578F-BEBE-4BBE-AB11-A0496BDB746A}.Release|Any CPU.ActiveCfg = Release|Any CPU
		{F8A1578F-BEBE-4BBE-AB11-A0496BDB746A}.Release|Any CPU.Build.0 = Release|Any CPU
		{F8A1578F-BEBE-4BBE-AB11-A0496BDB746A}.Release|x64.ActiveCfg = Release|x64
		{F8A1578F-BEBE-4BBE-AB11-A0496BDB746A}.Release|x64.Build.0 = Release|x64
		{F8A1578F-BEBE-4BBE-AB11-A0496BDB746A}.Release|x86.ActiveCfg = Release|x86
		{F8A1578F-BEBE-4BBE-AB11-A0496BDB746A}.Release|x86.Build.0 = Release|x86
		{35D30DCB-74D1-40A2-9D22-40E1394FFC09}.Debug|Any CPU.ActiveCfg = Debug|Any CPU
		{35D30DCB-74D1-40A2-9D22-40E1394FFC09}.Debug|Any CPU.Build.0 = Debug|Any CPU
		{35D30DCB-74D1-40A2-9D22-40E1394FFC09}.Debug|x64.ActiveCfg = Debug|x64
		{35D30DCB-74D1-40A2-9D22-40E1394FFC09}.Debug|x64.Build.0 = Debug|x64
		{35D30DCB-74D1-40A2-9D22-40E1394FFC09}.Debug|x86.ActiveCfg = Debug|x86
		{35D30DCB-74D1-40A2-9D22-40E1394FFC09}.Debug|x86.Build.0 = Debug|x86
		{35D30DCB-74D1-40A2-9D22-40E1394FFC09}.Release|Any CPU.ActiveCfg = Release|Any CPU
		{35D30DCB-74D1-40A2-9D22-40E1394FFC09}.Release|Any CPU.Build.0 = Release|Any CPU
		{35D30DCB-74D1-40A2-9D22-40E1394FFC09}.Release|x64.ActiveCfg = Release|x64
		{35D30DCB-74D1-40A2-9D22-40E1394FFC09}.Release|x64.Build.0 = Release|x64
		{35D30DCB-74D1-40A2-9D22-40E1394FFC09}.Release|x86.ActiveCfg = Release|x86
		{35D30DCB-74D1-40A2-9D22-40E1394FFC09}.Release|x86.Build.0 = Release|x86
		{0BF0D909-8AF2-4669-8CFA-06376BBD99ED}.Debug|Any CPU.ActiveCfg = Debug|Any CPU
		{0BF0D909-8AF2-4669-8CFA-06376BBD99ED}.Debug|Any CPU.Build.0 = Debug|Any CPU
		{0BF0D909-8AF2-4669-8CFA-06376BBD99ED}.Debug|x64.ActiveCfg = Debug|Any CPU
		{0BF0D909-8AF2-4669-8CFA-06376BBD99ED}.Debug|x64.Build.0 = Debug|Any CPU
		{0BF0D909-8AF2-4669-8CFA-06376BBD99ED}.Debug|x86.ActiveCfg = Debug|Any CPU
		{0BF0D909-8AF2-4669-8CFA-06376BBD99ED}.Debug|x86.Build.0 = Debug|Any CPU
		{0BF0D909-8AF2-4669-8CFA-06376BBD99ED}.Release|Any CPU.ActiveCfg = Release|Any CPU
		{0BF0D909-8AF2-4669-8CFA-06376BBD99ED}.Release|Any CPU.Build.0 = Release|Any CPU
		{0BF0D909-8AF2-4669-8CFA-06376BBD99ED}.Release|x64.ActiveCfg = Release|Any CPU
		{0BF0D909-8AF2-4669-8CFA-06376BBD99ED}.Release|x64.Build.0 = Release|Any CPU
		{0BF0D909-8AF2-4669-8CFA-06376BBD99ED}.Release|x86.ActiveCfg = Release|Any CPU
		{0BF0D909-8AF2-4669-8CFA-06376BBD99ED}.Release|x86.Build.0 = Release|Any CPU
		{4F887C29-862B-428A-A021-5878079DC73E}.Debug|Any CPU.ActiveCfg = Debug|Any CPU
		{4F887C29-862B-428A-A021-5878079DC73E}.Debug|Any CPU.Build.0 = Debug|Any CPU
		{4F887C29-862B-428A-A021-5878079DC73E}.Debug|x64.ActiveCfg = Debug|Any CPU
		{4F887C29-862B-428A-A021-5878079DC73E}.Debug|x64.Build.0 = Debug|Any CPU
		{4F887C29-862B-428A-A021-5878079DC73E}.Debug|x86.ActiveCfg = Debug|Any CPU
		{4F887C29-862B-428A-A021-5878079DC73E}.Debug|x86.Build.0 = Debug|Any CPU
		{4F887C29-862B-428A-A021-5878079DC73E}.Release|Any CPU.ActiveCfg = Release|Any CPU
		{4F887C29-862B-428A-A021-5878079DC73E}.Release|Any CPU.Build.0 = Release|Any CPU
		{4F887C29-862B-428A-A021-5878079DC73E}.Release|x64.ActiveCfg = Release|Any CPU
		{4F887C29-862B-428A-A021-5878079DC73E}.Release|x64.Build.0 = Release|Any CPU
		{4F887C29-862B-428A-A021-5878079DC73E}.Release|x86.ActiveCfg = Release|Any CPU
		{4F887C29-862B-428A-A021-5878079DC73E}.Release|x86.Build.0 = Release|Any CPU
		{2C8F1A31-ADF8-4BF1-BCA7-032007ED6C61}.Debug|Any CPU.ActiveCfg = Debug|Any CPU
		{2C8F1A31-ADF8-4BF1-BCA7-032007ED6C61}.Debug|Any CPU.Build.0 = Debug|Any CPU
		{2C8F1A31-ADF8-4BF1-BCA7-032007ED6C61}.Debug|x64.ActiveCfg = Debug|Any CPU
		{2C8F1A31-ADF8-4BF1-BCA7-032007ED6C61}.Debug|x64.Build.0 = Debug|Any CPU
		{2C8F1A31-ADF8-4BF1-BCA7-032007ED6C61}.Debug|x86.ActiveCfg = Debug|Any CPU
		{2C8F1A31-ADF8-4BF1-BCA7-032007ED6C61}.Debug|x86.Build.0 = Debug|Any CPU
		{2C8F1A31-ADF8-4BF1-BCA7-032007ED6C61}.Release|Any CPU.ActiveCfg = Release|Any CPU
		{2C8F1A31-ADF8-4BF1-BCA7-032007ED6C61}.Release|Any CPU.Build.0 = Release|Any CPU
		{2C8F1A31-ADF8-4BF1-BCA7-032007ED6C61}.Release|x64.ActiveCfg = Release|Any CPU
		{2C8F1A31-ADF8-4BF1-BCA7-032007ED6C61}.Release|x64.Build.0 = Release|Any CPU
		{2C8F1A31-ADF8-4BF1-BCA7-032007ED6C61}.Release|x86.ActiveCfg = Release|Any CPU
		{2C8F1A31-ADF8-4BF1-BCA7-032007ED6C61}.Release|x86.Build.0 = Release|Any CPU
		{D44A08E5-4C37-4DD6-BBEE-25D0D9F10FA1}.Debug|Any CPU.ActiveCfg = Debug|Any CPU
		{D44A08E5-4C37-4DD6-BBEE-25D0D9F10FA1}.Debug|Any CPU.Build.0 = Debug|Any CPU
		{D44A08E5-4C37-4DD6-BBEE-25D0D9F10FA1}.Debug|x64.ActiveCfg = Debug|Any CPU
		{D44A08E5-4C37-4DD6-BBEE-25D0D9F10FA1}.Debug|x64.Build.0 = Debug|Any CPU
		{D44A08E5-4C37-4DD6-BBEE-25D0D9F10FA1}.Debug|x86.ActiveCfg = Debug|Any CPU
		{D44A08E5-4C37-4DD6-BBEE-25D0D9F10FA1}.Debug|x86.Build.0 = Debug|Any CPU
		{D44A08E5-4C37-4DD6-BBEE-25D0D9F10FA1}.Release|Any CPU.ActiveCfg = Release|Any CPU
		{D44A08E5-4C37-4DD6-BBEE-25D0D9F10FA1}.Release|Any CPU.Build.0 = Release|Any CPU
		{D44A08E5-4C37-4DD6-BBEE-25D0D9F10FA1}.Release|x64.ActiveCfg = Release|Any CPU
		{D44A08E5-4C37-4DD6-BBEE-25D0D9F10FA1}.Release|x64.Build.0 = Release|Any CPU
		{D44A08E5-4C37-4DD6-BBEE-25D0D9F10FA1}.Release|x86.ActiveCfg = Release|Any CPU
		{D44A08E5-4C37-4DD6-BBEE-25D0D9F10FA1}.Release|x86.Build.0 = Release|Any CPU
		{2350F54C-FB02-4FA6-93AE-A2FF68A27EB8}.Debug|Any CPU.ActiveCfg = Debug|Any CPU
		{2350F54C-FB02-4FA6-93AE-A2FF68A27EB8}.Debug|Any CPU.Build.0 = Debug|Any CPU
		{2350F54C-FB02-4FA6-93AE-A2FF68A27EB8}.Debug|x64.ActiveCfg = Debug|Any CPU
		{2350F54C-FB02-4FA6-93AE-A2FF68A27EB8}.Debug|x64.Build.0 = Debug|Any CPU
		{2350F54C-FB02-4FA6-93AE-A2FF68A27EB8}.Debug|x86.ActiveCfg = Debug|Any CPU
		{2350F54C-FB02-4FA6-93AE-A2FF68A27EB8}.Debug|x86.Build.0 = Debug|Any CPU
		{2350F54C-FB02-4FA6-93AE-A2FF68A27EB8}.Release|Any CPU.ActiveCfg = Release|Any CPU
		{2350F54C-FB02-4FA6-93AE-A2FF68A27EB8}.Release|Any CPU.Build.0 = Release|Any CPU
		{2350F54C-FB02-4FA6-93AE-A2FF68A27EB8}.Release|x64.ActiveCfg = Release|Any CPU
		{2350F54C-FB02-4FA6-93AE-A2FF68A27EB8}.Release|x64.Build.0 = Release|Any CPU
		{2350F54C-FB02-4FA6-93AE-A2FF68A27EB8}.Release|x86.ActiveCfg = Release|Any CPU
		{2350F54C-FB02-4FA6-93AE-A2FF68A27EB8}.Release|x86.Build.0 = Release|Any CPU
		{C5C321D7-92B9-4A5B-A278-F89FF09664B2}.Debug|Any CPU.ActiveCfg = Debug|Any CPU
		{C5C321D7-92B9-4A5B-A278-F89FF09664B2}.Debug|Any CPU.Build.0 = Debug|Any CPU
		{C5C321D7-92B9-4A5B-A278-F89FF09664B2}.Debug|x64.ActiveCfg = Debug|Any CPU
		{C5C321D7-92B9-4A5B-A278-F89FF09664B2}.Debug|x64.Build.0 = Debug|Any CPU
		{C5C321D7-92B9-4A5B-A278-F89FF09664B2}.Debug|x86.ActiveCfg = Debug|Any CPU
		{C5C321D7-92B9-4A5B-A278-F89FF09664B2}.Debug|x86.Build.0 = Debug|Any CPU
		{C5C321D7-92B9-4A5B-A278-F89FF09664B2}.Release|Any CPU.ActiveCfg = Release|Any CPU
		{C5C321D7-92B9-4A5B-A278-F89FF09664B2}.Release|Any CPU.Build.0 = Release|Any CPU
		{C5C321D7-92B9-4A5B-A278-F89FF09664B2}.Release|x64.ActiveCfg = Release|Any CPU
		{C5C321D7-92B9-4A5B-A278-F89FF09664B2}.Release|x64.Build.0 = Release|Any CPU
		{C5C321D7-92B9-4A5B-A278-F89FF09664B2}.Release|x86.ActiveCfg = Release|Any CPU
		{C5C321D7-92B9-4A5B-A278-F89FF09664B2}.Release|x86.Build.0 = Release|Any CPU
		{A4C12624-2950-45AC-9A17-B83AD9427331}.Debug|Any CPU.ActiveCfg = Debug|Any CPU
		{A4C12624-2950-45AC-9A17-B83AD9427331}.Debug|Any CPU.Build.0 = Debug|Any CPU
		{A4C12624-2950-45AC-9A17-B83AD9427331}.Debug|x64.ActiveCfg = Debug|Any CPU
		{A4C12624-2950-45AC-9A17-B83AD9427331}.Debug|x64.Build.0 = Debug|Any CPU
		{A4C12624-2950-45AC-9A17-B83AD9427331}.Debug|x86.ActiveCfg = Debug|Any CPU
		{A4C12624-2950-45AC-9A17-B83AD9427331}.Debug|x86.Build.0 = Debug|Any CPU
		{A4C12624-2950-45AC-9A17-B83AD9427331}.Release|Any CPU.ActiveCfg = Release|Any CPU
		{A4C12624-2950-45AC-9A17-B83AD9427331}.Release|Any CPU.Build.0 = Release|Any CPU
		{A4C12624-2950-45AC-9A17-B83AD9427331}.Release|x64.ActiveCfg = Release|Any CPU
		{A4C12624-2950-45AC-9A17-B83AD9427331}.Release|x64.Build.0 = Release|Any CPU
		{A4C12624-2950-45AC-9A17-B83AD9427331}.Release|x86.ActiveCfg = Release|Any CPU
		{A4C12624-2950-45AC-9A17-B83AD9427331}.Release|x86.Build.0 = Release|Any CPU
		{817F6C4B-65C6-4A90-966E-F76FD8AC4202}.Debug|Any CPU.ActiveCfg = Debug|Any CPU
		{817F6C4B-65C6-4A90-966E-F76FD8AC4202}.Debug|Any CPU.Build.0 = Debug|Any CPU
		{817F6C4B-65C6-4A90-966E-F76FD8AC4202}.Debug|x64.ActiveCfg = Debug|Any CPU
		{817F6C4B-65C6-4A90-966E-F76FD8AC4202}.Debug|x64.Build.0 = Debug|Any CPU
		{817F6C4B-65C6-4A90-966E-F76FD8AC4202}.Debug|x86.ActiveCfg = Debug|Any CPU
		{817F6C4B-65C6-4A90-966E-F76FD8AC4202}.Debug|x86.Build.0 = Debug|Any CPU
		{817F6C4B-65C6-4A90-966E-F76FD8AC4202}.Release|Any CPU.ActiveCfg = Release|Any CPU
		{817F6C4B-65C6-4A90-966E-F76FD8AC4202}.Release|Any CPU.Build.0 = Release|Any CPU
		{817F6C4B-65C6-4A90-966E-F76FD8AC4202}.Release|x64.ActiveCfg = Release|Any CPU
		{817F6C4B-65C6-4A90-966E-F76FD8AC4202}.Release|x64.Build.0 = Release|Any CPU
		{817F6C4B-65C6-4A90-966E-F76FD8AC4202}.Release|x86.ActiveCfg = Release|Any CPU
		{817F6C4B-65C6-4A90-966E-F76FD8AC4202}.Release|x86.Build.0 = Release|Any CPU
		{9A1BF150-83FF-4DF7-998F-187A6B71E47A}.Debug|Any CPU.ActiveCfg = Debug|Any CPU
		{9A1BF150-83FF-4DF7-998F-187A6B71E47A}.Debug|Any CPU.Build.0 = Debug|Any CPU
		{9A1BF150-83FF-4DF7-998F-187A6B71E47A}.Debug|x64.ActiveCfg = Debug|Any CPU
		{9A1BF150-83FF-4DF7-998F-187A6B71E47A}.Debug|x64.Build.0 = Debug|Any CPU
		{9A1BF150-83FF-4DF7-998F-187A6B71E47A}.Debug|x86.ActiveCfg = Debug|Any CPU
		{9A1BF150-83FF-4DF7-998F-187A6B71E47A}.Debug|x86.Build.0 = Debug|Any CPU
		{9A1BF150-83FF-4DF7-998F-187A6B71E47A}.Release|Any CPU.ActiveCfg = Release|Any CPU
		{9A1BF150-83FF-4DF7-998F-187A6B71E47A}.Release|Any CPU.Build.0 = Release|Any CPU
		{9A1BF150-83FF-4DF7-998F-187A6B71E47A}.Release|x64.ActiveCfg = Release|Any CPU
		{9A1BF150-83FF-4DF7-998F-187A6B71E47A}.Release|x64.Build.0 = Release|Any CPU
		{9A1BF150-83FF-4DF7-998F-187A6B71E47A}.Release|x86.ActiveCfg = Release|Any CPU
		{9A1BF150-83FF-4DF7-998F-187A6B71E47A}.Release|x86.Build.0 = Release|Any CPU
		{295025FA-7870-4A53-996F-2CDCE2AFBAFF}.Debug|Any CPU.ActiveCfg = Debug|Any CPU
		{295025FA-7870-4A53-996F-2CDCE2AFBAFF}.Debug|Any CPU.Build.0 = Debug|Any CPU
		{295025FA-7870-4A53-996F-2CDCE2AFBAFF}.Debug|x64.ActiveCfg = Debug|Any CPU
		{295025FA-7870-4A53-996F-2CDCE2AFBAFF}.Debug|x64.Build.0 = Debug|Any CPU
		{295025FA-7870-4A53-996F-2CDCE2AFBAFF}.Debug|x86.ActiveCfg = Debug|Any CPU
		{295025FA-7870-4A53-996F-2CDCE2AFBAFF}.Debug|x86.Build.0 = Debug|Any CPU
		{295025FA-7870-4A53-996F-2CDCE2AFBAFF}.Release|Any CPU.ActiveCfg = Release|Any CPU
		{295025FA-7870-4A53-996F-2CDCE2AFBAFF}.Release|Any CPU.Build.0 = Release|Any CPU
		{295025FA-7870-4A53-996F-2CDCE2AFBAFF}.Release|x64.ActiveCfg = Release|Any CPU
		{295025FA-7870-4A53-996F-2CDCE2AFBAFF}.Release|x64.Build.0 = Release|Any CPU
		{295025FA-7870-4A53-996F-2CDCE2AFBAFF}.Release|x86.ActiveCfg = Release|Any CPU
		{295025FA-7870-4A53-996F-2CDCE2AFBAFF}.Release|x86.Build.0 = Release|Any CPU
	EndGlobalSection
	GlobalSection(SolutionProperties) = preSolution
		HideSolutionNode = FALSE
	EndGlobalSection
	GlobalSection(NestedProjects) = preSolution
		{21875D36-042E-44A8-B902-A6566CF280D1} = {02DF8096-B039-4B22-8EF2-560381075437}
		{F8A1578F-BEBE-4BBE-AB11-A0496BDB746A} = {A8402B47-3088-4401-840A-D4A030E350B0}
		{35D30DCB-74D1-40A2-9D22-40E1394FFC09} = {A8402B47-3088-4401-840A-D4A030E350B0}
		{0BF0D909-8AF2-4669-8CFA-06376BBD99ED} = {A8402B47-3088-4401-840A-D4A030E350B0}
		{4F887C29-862B-428A-A021-5878079DC73E} = {A8402B47-3088-4401-840A-D4A030E350B0}
		{2C8F1A31-ADF8-4BF1-BCA7-032007ED6C61} = {D9029F1A-422A-47B3-9957-AB8FA3981A9E}
		{D44A08E5-4C37-4DD6-BBEE-25D0D9F10FA1} = {02DF8096-B039-4B22-8EF2-560381075437}
		{2350F54C-FB02-4FA6-93AE-A2FF68A27EB8} = {02DF8096-B039-4B22-8EF2-560381075437}
		{C5C321D7-92B9-4A5B-A278-F89FF09664B2} = {02DF8096-B039-4B22-8EF2-560381075437}
		{A4C12624-2950-45AC-9A17-B83AD9427331} = {02DF8096-B039-4B22-8EF2-560381075437}
		{817F6C4B-65C6-4A90-966E-F76FD8AC4202} = {02DF8096-B039-4B22-8EF2-560381075437}
		{9A1BF150-83FF-4DF7-998F-187A6B71E47A} = {02DF8096-B039-4B22-8EF2-560381075437}
		{295025FA-7870-4A53-996F-2CDCE2AFBAFF} = {02DF8096-B039-4B22-8EF2-560381075437}
	EndGlobalSection
	GlobalSection(ExtensibilityGlobals) = postSolution
		SolutionGuid = {78628248-FD6C-4F64-8898-21DEE3D54C89}
	EndGlobalSection
EndGlobal
